
Microsoft Visual Studio Solution File, Format Version 12.00
# Visual Studio Version 17
VisualStudioVersion = 17.14.36127.28 d17.14
MinimumVisualStudioVersion = 10.0.40219.1
Project("{FAE04EC0-301F-11D3-BF4B-00C04F79EFBC}") = "ConsumoApiClima", "ConsumoApiClima\ConsumoApiClima.csproj", "{8F313C91-1CED-4E95-84D3-C1C08D661427}"
EndProject
Global
	GlobalSection(SolutionConfigurationPlatforms) = preSolution
		Debug|Any CPU = Debug|Any CPU
		Release|Any CPU = Release|Any CPU
	EndGlobalSection
	GlobalSection(ProjectConfigurationPlatforms) = postSolution
		{8F313C91-1CED-4E95-84D3-C1C08D661427}.Debug|Any CPU.ActiveCfg = Debug|Any CPU
		{8F313C91-1CED-4E95-84D3-C1C08D661427}.Debug|Any CPU.Build.0 = Debug|Any CPU
		{8F313C91-1CED-4E95-84D3-C1C08D661427}.Release|Any CPU.ActiveCfg = Release|Any CPU
		{8F313C91-1CED-4E95-84D3-C1C08D661427}.Release|Any CPU.Build.0 = Release|Any CPU
	EndGlobalSection
	GlobalSection(SolutionProperties) = preSolution
		HideSolutionNode = FALSE
	EndGlobalSection
	GlobalSection(ExtensibilityGlobals) = postSolution
		SolutionGuid = {236CFD0C-1EF0-4E76-85F1-398257409CD9}
	EndGlobalSection
EndGlobal
